
Microsoft Visual Studio Solution File, Format Version 12.00
# Visual Studio 14
VisualStudioVersion = 14.0.25123.0
MinimumVisualStudioVersion = 10.0.40219.1
Project("{4E48CA46-F5FF-4E04-8CF5-E257E1EB0A21}") = "Sitecore.Support.93538", "Sitecore.Support.93538\Sitecore.Support.93538.csproj", "{DAB99B80-D5AD-4682-85A8-7047754C80BF}"
EndProject
Global
	GlobalSection(SolutionConfigurationPlatforms) = preSolution
		Debug|Any CPU = Debug|Any CPU
		Release|Any CPU = Release|Any CPU
	EndGlobalSection
	GlobalSection(ProjectConfigurationPlatforms) = postSolution
		{DAB99B80-D5AD-4682-85A8-7047754C80BF}.Debug|Any CPU.ActiveCfg = Debug|Any CPU
		{DAB99B80-D5AD-4682-85A8-7047754C80BF}.Debug|Any CPU.Build.0 = Debug|Any CPU
		{DAB99B80-D5AD-4682-85A8-7047754C80BF}.Release|Any CPU.ActiveCfg = Release|Any CPU
		{DAB99B80-D5AD-4682-85A8-7047754C80BF}.Release|Any CPU.Build.0 = Release|Any CPU
	EndGlobalSection
	GlobalSection(SolutionProperties) = preSolution
		HideSolutionNode = FALSE
	EndGlobalSection
EndGlobal
